<?xml version="1.0" encoding="utf-8"?>
<Project ToolsVersion="4.0" xmlns="http://schemas.microsoft.com/developer/msbuild/2003">
  <ItemGroup>
    <ClCompile Include="ControlManager.cpp">
      <Filter>Source Files</Filter>
    </ClCompile>
    <ClCompile Include="DriverModel.cpp">
      <Filter>Source Files</Filter>
    </ClCompile>
    <ClCompile Include="EgoVehicle.cpp">
      <Filter>Source Files</Filter>
    </ClCompile>
    <ClCompile Include="NearbyVehicle.cpp">
      <Filter>Source Files</Filter>
    </ClCompile>
    <ClCompile Include="SimulationLogger.cpp">
      <Filter>Source Files</Filter>
    </ClCompile>
    <ClCompile Include="Vehicle.cpp">
      <Filter>Source Files</Filter>
    </ClCompile>
    <ClCompile Include="TrafficLight.cpp">
      <Filter>Source Files</Filter>
    </ClCompile>
    <ClCompile Include="RelativeLane.cpp">
      <Filter>Source Files</Filter>
    </ClCompile>
    <ClCompile Include="TrafficLightFileReader.cpp">
      <Filter>Source Files</Filter>
    </ClCompile>
    <ClCompile Include="LongitudinalControllerWithTrafficLights.cpp">
      <Filter>Source Files</Filter>
    </ClCompile>
    <ClCompile Include="TrafficLightACCVehicle.cpp">
      <Filter>Source Files</Filter>
    </ClCompile>
  </ItemGroup>
  <ItemGroup>
    <ClInclude Include="ControlManager.h">
      <Filter>Header Files</Filter>
    </ClInclude>
    <ClInclude Include="DriverModel.h">
      <Filter>Header Files</Filter>
    </ClInclude>
    <ClInclude Include="EgoVehicle.h">
      <Filter>Header Files</Filter>
    </ClInclude>
    <ClInclude Include="NearbyVehicle.h">
      <Filter>Header Files</Filter>
    </ClInclude>
    <ClInclude Include="SimulationLogger.h">
      <Filter>Header Files</Filter>
    </ClInclude>
    <ClInclude Include="Vehicle.h">
      <Filter>Header Files</Filter>
    </ClInclude>
    <ClInclude Include="Constants.h">
      <Filter>Header Files</Filter>
    </ClInclude>
    <ClInclude Include="RelativeLane.h">
      <Filter>Header Files</Filter>
    </ClInclude>
    <ClInclude Include="TrafficLight.h">
      <Filter>Header Files</Filter>
    </ClInclude>
    <ClInclude Include="TrafficLightFileReader.h">
      <Filter>Header Files</Filter>
    </ClInclude>
    <ClInclude Include="LongitudinalControllerWithTrafficLights.h">
      <Filter>Header Files</Filter>
    </ClInclude>
    <ClInclude Include="EgoVehicleFactory.h">
      <Filter>Header Files</Filter>
    </ClInclude>
    <ClInclude Include="TrafficLightACCVehicle.h">
      <Filter>Header Files</Filter>
    </ClInclude>
  </ItemGroup>
  <ItemGroup>
    <Filter Include="Header Files">
      <UniqueIdentifier>{d52b57e8-60a7-45f2-9236-04fdef4a1538}</UniqueIdentifier>
    </Filter>
    <Filter Include="Source Files">
      <UniqueIdentifier>{26718a99-b736-4bc6-a73a-bc5f180869a2}</UniqueIdentifier>
    </Filter>
  </ItemGroup>
</Project>